
Microsoft Visual Studio Solution File, Format Version 12.00
# Visual Studio Version 16
VisualStudioVersion = 16.0.31410.357
MinimumVisualStudioVersion = 10.0.40219.1
Project("{9A19103F-16F7-4668-BE54-9A1E7A4F7556}") = "iPlant.FMS.WEB", "iPlant.FMS.WEB\iPlant.FMS.WEB.csproj", "{E585D7B3-7614-4E3B-9E88-6F4B6BB33CC4}"
EndProject
Project("{9A19103F-16F7-4668-BE54-9A1E7A4F7556}") = "iPlant.FMS.Models", "iPlant.FMS.Models\iPlant.FMS.Models.csproj", "{5CAF959F-FB4C-4BE7-B4F7-758AB4A0BB90}"
EndProject
Project("{9A19103F-16F7-4668-BE54-9A1E7A4F7556}") = "iPlant.FMS.Service", "iPlant.FMS.Service\iPlant.FMS.Service.csproj", "{0971A5CA-67B4-42C0-8333-46CC79861B88}"
EndProject
Project("{9A19103F-16F7-4668-BE54-9A1E7A4F7556}") = "iPlant.Common.Tools", "iPlant.Common.Tools\iPlant.Common.Tools.csproj", "{0C399A62-7575-450C-A917-0F02652AF023}"
EndProject
Project("{9A19103F-16F7-4668-BE54-9A1E7A4F7556}") = "iPlant.Data.EF", "iPlant.Data.EF\iPlant.Data.EF.csproj", "{E1BEAC8F-DFEB-4588-86A1-755E10F5096A}"
EndProject
Project("{9A19103F-16F7-4668-BE54-9A1E7A4F7556}") = "Opc.Ua.Configuration", "Opc.Ua.Configuration\Opc.Ua.Configuration.csproj", "{A0E0FE3B-C81A-436C-A0AF-CDC5228953EE}"
EndProject
Project("{9A19103F-16F7-4668-BE54-9A1E7A4F7556}") = "Opc.Ua.Client", "Opc.Ua.Client\Opc.Ua.Client.csproj", "{DEAB37F2-4B9A-41BE-AD9B-8B069B3353DE}"
EndProject
Project("{9A19103F-16F7-4668-BE54-9A1E7A4F7556}") = "Opc.Ua.Core", "Opc.Ua.Core\Opc.Ua.Core.csproj", "{6258A35C-496D-40BF-9C37-21B8F39E74D2}"
EndProject
Project("{9A19103F-16F7-4668-BE54-9A1E7A4F7556}") = "ShrisCommunicationCore", "ShrisCommunicationCore\ShrisCommunicationCore.csproj", "{70DA46F8-3CBC-49E8-A7AB-F181C7C7EEF8}"
EndProject
Project("{2150E333-8FDC-42A3-9474-1A3956D46DE8}") = "Libs", "Libs", "{EB752C00-ADEA-4626-91D5-868DEB35C810}"
EndProject
Global
	GlobalSection(SolutionConfigurationPlatforms) = preSolution
		Debug|Any CPU = Debug|Any CPU
		Release|Any CPU = Release|Any CPU
	EndGlobalSection
	GlobalSection(ProjectConfigurationPlatforms) = postSolution
		{E585D7B3-7614-4E3B-9E88-6F4B6BB33CC4}.Debug|Any CPU.ActiveCfg = Debug|Any CPU
		{E585D7B3-7614-4E3B-9E88-6F4B6BB33CC4}.Debug|Any CPU.Build.0 = Debug|Any CPU
		{E585D7B3-7614-4E3B-9E88-6F4B6BB33CC4}.Release|Any CPU.ActiveCfg = Release|Any CPU
		{E585D7B3-7614-4E3B-9E88-6F4B6BB33CC4}.Release|Any CPU.Build.0 = Release|Any CPU
		{5CAF959F-FB4C-4BE7-B4F7-758AB4A0BB90}.Debug|Any CPU.ActiveCfg = Debug|Any CPU
		{5CAF959F-FB4C-4BE7-B4F7-758AB4A0BB90}.Debug|Any CPU.Build.0 = Debug|Any CPU
		{5CAF959F-FB4C-4BE7-B4F7-758AB4A0BB90}.Release|Any CPU.ActiveCfg = Release|Any CPU
		{5CAF959F-FB4C-4BE7-B4F7-758AB4A0BB90}.Release|Any CPU.Build.0 = Release|Any CPU
		{0971A5CA-67B4-42C0-8333-46CC79861B88}.Debug|Any CPU.ActiveCfg = Debug|Any CPU
		{0971A5CA-67B4-42C0-8333-46CC79861B88}.Debug|Any CPU.Build.0 = Debug|Any CPU
		{0971A5CA-67B4-42C0-8333-46CC79861B88}.Release|Any CPU.ActiveCfg = Release|Any CPU
		{0971A5CA-67B4-42C0-8333-46CC79861B88}.Release|Any CPU.Build.0 = Release|Any CPU
		{0C399A62-7575-450C-A917-0F02652AF023}.Debug|Any CPU.ActiveCfg = Debug|Any CPU
		{0C399A62-7575-450C-A917-0F02652AF023}.Debug|Any CPU.Build.0 = Debug|Any CPU
		{0C399A62-7575-450C-A917-0F02652AF023}.Release|Any CPU.ActiveCfg = Release|Any CPU
		{0C399A62-7575-450C-A917-0F02652AF023}.Release|Any CPU.Build.0 = Release|Any CPU
		{E1BEAC8F-DFEB-4588-86A1-755E10F5096A}.Debug|Any CPU.ActiveCfg = Debug|Any CPU
		{E1BEAC8F-DFEB-4588-86A1-755E10F5096A}.Debug|Any CPU.Build.0 = Debug|Any CPU
		{E1BEAC8F-DFEB-4588-86A1-755E10F5096A}.Release|Any CPU.ActiveCfg = Release|Any CPU
		{E1BEAC8F-DFEB-4588-86A1-755E10F5096A}.Release|Any CPU.Build.0 = Release|Any CPU
		{A0E0FE3B-C81A-436C-A0AF-CDC5228953EE}.Debug|Any CPU.ActiveCfg = Debug|Any CPU
		{A0E0FE3B-C81A-436C-A0AF-CDC5228953EE}.Debug|Any CPU.Build.0 = Debug|Any CPU
		{A0E0FE3B-C81A-436C-A0AF-CDC5228953EE}.Release|Any CPU.ActiveCfg = Release|Any CPU
		{A0E0FE3B-C81A-436C-A0AF-CDC5228953EE}.Release|Any CPU.Build.0 = Release|Any CPU
		{DEAB37F2-4B9A-41BE-AD9B-8B069B3353DE}.Debug|Any CPU.ActiveCfg = Debug|Any CPU
		{DEAB37F2-4B9A-41BE-AD9B-8B069B3353DE}.Debug|Any CPU.Build.0 = Debug|Any CPU
		{DEAB37F2-4B9A-41BE-AD9B-8B069B3353DE}.Release|Any CPU.ActiveCfg = Release|Any CPU
		{DEAB37F2-4B9A-41BE-AD9B-8B069B3353DE}.Release|Any CPU.Build.0 = Release|Any CPU
		{6258A35C-496D-40BF-9C37-21B8F39E74D2}.Debug|Any CPU.ActiveCfg = Debug|Any CPU
		{6258A35C-496D-40BF-9C37-21B8F39E74D2}.Debug|Any CPU.Build.0 = Debug|Any CPU
		{6258A35C-496D-40BF-9C37-21B8F39E74D2}.Release|Any CPU.ActiveCfg = Release|Any CPU
		{6258A35C-496D-40BF-9C37-21B8F39E74D2}.Release|Any CPU.Build.0 = Release|Any CPU
		{70DA46F8-3CBC-49E8-A7AB-F181C7C7EEF8}.Debug|Any CPU.ActiveCfg = Debug|Any CPU
		{70DA46F8-3CBC-49E8-A7AB-F181C7C7EEF8}.Debug|Any CPU.Build.0 = Debug|Any CPU
		{70DA46F8-3CBC-49E8-A7AB-F181C7C7EEF8}.Release|Any CPU.ActiveCfg = Release|Any CPU
		{70DA46F8-3CBC-49E8-A7AB-F181C7C7EEF8}.Release|Any CPU.Build.0 = Release|Any CPU
	EndGlobalSection
	GlobalSection(SolutionProperties) = preSolution
		HideSolutionNode = FALSE
	EndGlobalSection
	GlobalSection(NestedProjects) = preSolution
		{A0E0FE3B-C81A-436C-A0AF-CDC5228953EE} = {EB752C00-ADEA-4626-91D5-868DEB35C810}
		{DEAB37F2-4B9A-41BE-AD9B-8B069B3353DE} = {EB752C00-ADEA-4626-91D5-868DEB35C810}
		{6258A35C-496D-40BF-9C37-21B8F39E74D2} = {EB752C00-ADEA-4626-91D5-868DEB35C810}
		{70DA46F8-3CBC-49E8-A7AB-F181C7C7EEF8} = {EB752C00-ADEA-4626-91D5-868DEB35C810}
	EndGlobalSection
	GlobalSection(ExtensibilityGlobals) = postSolution
		SolutionGuid = {49A168F2-4F93-470B-92BC-5396D1959866}
	EndGlobalSection
EndGlobal
