
Microsoft Visual Studio Solution File, Format Version 12.00
# Visual Studio Version 16
VisualStudioVersion = 16.0.31410.357
MinimumVisualStudioVersion = 10.0.40219.1
Project("{9A19103F-16F7-4668-BE54-9A1E7A4F7556}") = "iPlant.FMS.WEB", "iPlant.FMS.WEB\iPlant.FMS.WEB.csproj", "{E585D7B3-7614-4E3B-9E88-6F4B6BB33CC4}"
EndProject
Project("{9A19103F-16F7-4668-BE54-9A1E7A4F7556}") = "iPlant.FMS.Models", "iPlant.FMS.Models\iPlant.FMS.Models.csproj", "{5CAF959F-FB4C-4BE7-B4F7-758AB4A0BB90}"
EndProject
Project("{9A19103F-16F7-4668-BE54-9A1E7A4F7556}") = "iPlant.FMS.Service", "iPlant.FMS.Service\iPlant.FMS.Service.csproj", "{0971A5CA-67B4-42C0-8333-46CC79861B88}"
EndProject
Project("{9A19103F-16F7-4668-BE54-9A1E7A4F7556}") = "iPlant.Common.Tools", "iPlant.Common.Tools\iPlant.Common.Tools.csproj", "{0C399A62-7575-450C-A917-0F02652AF023}"
EndProject
Project("{FAE04EC0-301F-11D3-BF4B-00C04F79EFBC}") = "iPlant.Data.EF", "iPlant.Data.EF\iPlant.Data.EF.csproj", "{E1BEAC8F-DFEB-4588-86A1-755E10F5096A}"
EndProject
Global
	GlobalSection(SolutionConfigurationPlatforms) = preSolution
		Debug|Any CPU = Debug|Any CPU
		Release|Any CPU = Release|Any CPU
	EndGlobalSection
	GlobalSection(ProjectConfigurationPlatforms) = postSolution
		{E585D7B3-7614-4E3B-9E88-6F4B6BB33CC4}.Debug|Any CPU.ActiveCfg = Debug|Any CPU
		{E585D7B3-7614-4E3B-9E88-6F4B6BB33CC4}.Debug|Any CPU.Build.0 = Debug|Any CPU
		{E585D7B3-7614-4E3B-9E88-6F4B6BB33CC4}.Release|Any CPU.ActiveCfg = Release|Any CPU
		{E585D7B3-7614-4E3B-9E88-6F4B6BB33CC4}.Release|Any CPU.Build.0 = Release|Any CPU
		{5CAF959F-FB4C-4BE7-B4F7-758AB4A0BB90}.Debug|Any CPU.ActiveCfg = Debug|Any CPU
		{5CAF959F-FB4C-4BE7-B4F7-758AB4A0BB90}.Debug|Any CPU.Build.0 = Debug|Any CPU
		{5CAF959F-FB4C-4BE7-B4F7-758AB4A0BB90}.Release|Any CPU.ActiveCfg = Release|Any CPU
		{5CAF959F-FB4C-4BE7-B4F7-758AB4A0BB90}.Release|Any CPU.Build.0 = Release|Any CPU
		{0971A5CA-67B4-42C0-8333-46CC79861B88}.Debug|Any CPU.ActiveCfg = Debug|Any CPU
		{0971A5CA-67B4-42C0-8333-46CC79861B88}.Debug|Any CPU.Build.0 = Debug|Any CPU
		{0971A5CA-67B4-42C0-8333-46CC79861B88}.Release|Any CPU.ActiveCfg = Release|Any CPU
		{0971A5CA-67B4-42C0-8333-46CC79861B88}.Release|Any CPU.Build.0 = Release|Any CPU
		{0C399A62-7575-450C-A917-0F02652AF023}.Debug|Any CPU.ActiveCfg = Debug|Any CPU
		{0C399A62-7575-450C-A917-0F02652AF023}.Debug|Any CPU.Build.0 = Debug|Any CPU
		{0C399A62-7575-450C-A917-0F02652AF023}.Release|Any CPU.ActiveCfg = Release|Any CPU
		{0C399A62-7575-450C-A917-0F02652AF023}.Release|Any CPU.Build.0 = Release|Any CPU
		{E1BEAC8F-DFEB-4588-86A1-755E10F5096A}.Debug|Any CPU.ActiveCfg = Debug|Any CPU
		{E1BEAC8F-DFEB-4588-86A1-755E10F5096A}.Debug|Any CPU.Build.0 = Debug|Any CPU
		{E1BEAC8F-DFEB-4588-86A1-755E10F5096A}.Release|Any CPU.ActiveCfg = Release|Any CPU
		{E1BEAC8F-DFEB-4588-86A1-755E10F5096A}.Release|Any CPU.Build.0 = Release|Any CPU
	EndGlobalSection
	GlobalSection(SolutionProperties) = preSolution
		HideSolutionNode = FALSE
	EndGlobalSection
	GlobalSection(ExtensibilityGlobals) = postSolution
		SolutionGuid = {49A168F2-4F93-470B-92BC-5396D1959866}
	EndGlobalSection
EndGlobal
